
Microsoft Visual Studio Solution File, Format Version 12.00
# Visual Studio Version 16
VisualStudioVersion = 16.0.30128.74
MinimumVisualStudioVersion = 10.0.40219.1
Project("{FAE04EC0-301F-11D3-BF4B-00C04F79EFBC}") = "ExercisePotentiaco", "ExercisePotentiaco\ExercisePotentiaco.csproj", "{58BE5044-8E69-4B88-821B-E04C0445DCCC}"
EndProject
Global
	GlobalSection(SolutionConfigurationPlatforms) = preSolution
		Debug|Any CPU = Debug|Any CPU
		Release|Any CPU = Release|Any CPU
	EndGlobalSection
	GlobalSection(ProjectConfigurationPlatforms) = postSolution
		{58BE5044-8E69-4B88-821B-E04C0445DCCC}.Debug|Any CPU.ActiveCfg = Debug|Any CPU
		{58BE5044-8E69-4B88-821B-E04C0445DCCC}.Debug|Any CPU.Build.0 = Debug|Any CPU
		{58BE5044-8E69-4B88-821B-E04C0445DCCC}.Release|Any CPU.ActiveCfg = Release|Any CPU
		{58BE5044-8E69-4B88-821B-E04C0445DCCC}.Release|Any CPU.Build.0 = Release|Any CPU
	EndGlobalSection
	GlobalSection(SolutionProperties) = preSolution
		HideSolutionNode = FALSE
	EndGlobalSection
	GlobalSection(ExtensibilityGlobals) = postSolution
		SolutionGuid = {B3F932FE-7C27-4A8C-981C-266D3D59A055}
	EndGlobalSection
EndGlobal
